
Microsoft Visual Studio Solution File, Format Version 12.00
# Visual Studio Version 16
VisualStudioVersion = 16.0.32510.428
MinimumVisualStudioVersion = 10.0.40219.1
Project("{FAE04EC0-301F-11D3-BF4B-00C04F79EFBC}") = "KinderGarten", "KinderGarten\KinderGarten.csproj", "{72FE9945-0CD1-4EE1-ADBC-4EF64EBA351E}"
EndProject
Global
	GlobalSection(SolutionConfigurationPlatforms) = preSolution
		Debug|Any CPU = Debug|Any CPU
		Release|Any CPU = Release|Any CPU
	EndGlobalSection
	GlobalSection(ProjectConfigurationPlatforms) = postSolution
		{72FE9945-0CD1-4EE1-ADBC-4EF64EBA351E}.Debug|Any CPU.ActiveCfg = Debug|Any CPU
		{72FE9945-0CD1-4EE1-ADBC-4EF64EBA351E}.Debug|Any CPU.Build.0 = Debug|Any CPU
		{72FE9945-0CD1-4EE1-ADBC-4EF64EBA351E}.Release|Any CPU.ActiveCfg = Release|Any CPU
		{72FE9945-0CD1-4EE1-ADBC-4EF64EBA351E}.Release|Any CPU.Build.0 = Release|Any CPU
	EndGlobalSection
	GlobalSection(SolutionProperties) = preSolution
		HideSolutionNode = FALSE
	EndGlobalSection
	GlobalSection(ExtensibilityGlobals) = postSolution
		SolutionGuid = {2F3B64DC-A100-4608-9EE5-5C44727B49D7}
	EndGlobalSection
EndGlobal
